
Microsoft Visual Studio Solution File, Format Version 12.00
# Visual Studio Version 17
VisualStudioVersion = 17.2.32616.157
MinimumVisualStudioVersion = 10.0.40219.1
Project("{FAE04EC0-301F-11D3-BF4B-00C04F79EFBC}") = "invent_task_denizbatu", "invent_task_denizbatu\invent_task_denizbatu.csproj", "{7D9A4A9F-077E-41CD-9C3E-17A97FABBCED}"
EndProject
Global
	GlobalSection(SolutionConfigurationPlatforms) = preSolution
		Debug|Any CPU = Debug|Any CPU
		Release|Any CPU = Release|Any CPU
	EndGlobalSection
	GlobalSection(ProjectConfigurationPlatforms) = postSolution
		{7D9A4A9F-077E-41CD-9C3E-17A97FABBCED}.Debug|Any CPU.ActiveCfg = Debug|Any CPU
		{7D9A4A9F-077E-41CD-9C3E-17A97FABBCED}.Debug|Any CPU.Build.0 = Debug|Any CPU
		{7D9A4A9F-077E-41CD-9C3E-17A97FABBCED}.Release|Any CPU.ActiveCfg = Release|Any CPU
		{7D9A4A9F-077E-41CD-9C3E-17A97FABBCED}.Release|Any CPU.Build.0 = Release|Any CPU
	EndGlobalSection
	GlobalSection(SolutionProperties) = preSolution
		HideSolutionNode = FALSE
	EndGlobalSection
	GlobalSection(ExtensibilityGlobals) = postSolution
		SolutionGuid = {24F74963-9D79-46CF-B465-33F00DD50704}
	EndGlobalSection
EndGlobal
